
Microsoft Visual Studio Solution File, Format Version 12.00
# Visual Studio 15
VisualStudioVersion = 15.0.28307.1000
MinimumVisualStudioVersion = 10.0.40219.1
Project("{FAE04EC0-301F-11D3-BF4B-00C04F79EFBC}") = "YENİDOĞAN V3", "YENİDOĞAN V3\YENİDOĞAN V3.csproj", "{2DBB036F-DB4E-4FD1-9CD5-14C4DC29D2E4}"
EndProject
Global
	GlobalSection(SolutionConfigurationPlatforms) = preSolution
		Debug|Any CPU = Debug|Any CPU
		Release|Any CPU = Release|Any CPU
	EndGlobalSection
	GlobalSection(ProjectConfigurationPlatforms) = postSolution
		{2DBB036F-DB4E-4FD1-9CD5-14C4DC29D2E4}.Debug|Any CPU.ActiveCfg = Debug|Any CPU
		{2DBB036F-DB4E-4FD1-9CD5-14C4DC29D2E4}.Debug|Any CPU.Build.0 = Debug|Any CPU
		{2DBB036F-DB4E-4FD1-9CD5-14C4DC29D2E4}.Release|Any CPU.ActiveCfg = Release|Any CPU
		{2DBB036F-DB4E-4FD1-9CD5-14C4DC29D2E4}.Release|Any CPU.Build.0 = Release|Any CPU
	EndGlobalSection
	GlobalSection(SolutionProperties) = preSolution
		HideSolutionNode = FALSE
	EndGlobalSection
	GlobalSection(ExtensibilityGlobals) = postSolution
		SolutionGuid = {D31E06AF-997B-49A8-A934-1D4B69BD25BB}
	EndGlobalSection
EndGlobal
